// !$*UTF8*$!
{
	archiveVersion = 1;
	classes = {
	};
	objectVersion = 70;
	objects = {

/* Begin PBXContainerItemProxy section */
		E88CA7612CAFD98D007132D9 /* PBXContainerItemProxy */ = {
			isa = PBXContainerItemProxy;
			containerPortal = E88CA7482CAFD98C007132D9 /* Project object */;
			proxyType = 1;
			remoteGlobalIDString = E88CA74F2CAFD98C007132D9;
			remoteInfo = MultiTabApp;
		};
		E88CA76B2CAFD98D007132D9 /* PBXContainerItemProxy */ = {
			isa = PBXContainerItemProxy;
			containerPortal = E88CA7482CAFD98C007132D9 /* Project object */;
			proxyType = 1;
			remoteGlobalIDString = E88CA74F2CAFD98C007132D9;
			remoteInfo = MultiTabApp;
		};
/* End PBXContainerItemProxy section */

/* Begin PBXFileReference section */
		E88CA7502CAFD98C007132D9 /* MultiTabApp.app */ = {isa = PBXFileReference; explicitFileType = wrapper.application; includeInIndex = 0; path = MultiTabApp.app; sourceTree = BUILT_PRODUCTS_DIR; };
		E88CA7602CAFD98D007132D9 /* MultiTabAppTests.xctest */ = {isa = PBXFileReference; explicitFileType = wrapper.cfbundle; includeInIndex = 0; path = MultiTabAppTests.xctest; sourceTree = BUILT_PRODUCTS_DIR; };
		E88CA76A2CAFD98D007132D9 /* MultiTabAppUITests.xctest */ = {isa = PBXFileReference; explicitFileType = wrapper.cfbundle; includeInIndex = 0; path = MultiTabAppUITests.xctest; sourceTree = BUILT_PRODUCTS_DIR; };
/* End PBXFileReference section */

/* Begin PBXFileSystemSynchronizedRootGroup section */
		E88CA7522CAFD98C007132D9 /* MultiTabApp */ = {isa = PBXFileSystemSynchronizedRootGroup; explicitFileTypes = {}; explicitFolders = (); path = MultiTabApp; sourceTree = "<group>"; };
		E88CA7632CAFD98D007132D9 /* MultiTabAppTests */ = {isa = PBXFileSystemSynchronizedRootGroup; explicitFileTypes = {}; explicitFolders = (); path = MultiTabAppTests; sourceTree = "<group>"; };
		E88CA76D2CAFD98D007132D9 /* MultiTabAppUITests */ = {isa = PBXFileSystemSynchronizedRootGroup; explicitFileTypes = {}; explicitFolders = (); path = MultiTabAppUITests; sourceTree = "<group>"; };
/* End PBXFileSystemSynchronizedRootGroup section */

/* Begin PBXFrameworksBuildPhase section */
		E88CA74D2CAFD98C007132D9 /* Frameworks */ = {
			isa = PBXFrameworksBuildPhase;
			buildActionMask = 2147483647;
			files = (
			);
			runOnlyForDeploymentPostprocessing = 0;
		};
		E88CA75D2CAFD98D007132D9 /* Frameworks */ = {
			isa = PBXFrameworksBuildPhase;
			buildActionMask = 2147483647;
			files = (
			);
			runOnlyForDeploymentPostprocessing = 0;
		};
		E88CA7672CAFD98D007132D9 /* Frameworks */ = {
			isa = PBXFrameworksBuildPhase;
			buildActionMask = 2147483647;
			files = (
			);
			runOnlyForDeploymentPostprocessing = 0;
		};
/* End PBXFrameworksBuildPhase section */

/* Begin PBXGroup section */
		E88CA7472CAFD98C007132D9 = {
			isa = PBXGroup;
			children = (
				E88CA7522CAFD98C007132D9 /* MultiTabApp */,
				E88CA7632CAFD98D007132D9 /* MultiTabAppTests */,
				E88CA76D2CAFD98D007132D9 /* MultiTabAppUITests */,
				E88CA7512CAFD98C007132D9 /* Products */,
			);
			sourceTree = "<group>";
		};
		E88CA7512CAFD98C007132D9 /* Products */ = {
			isa = PBXGroup;
			children = (
				E88CA7502CAFD98C007132D9 /* MultiTabApp.app */,
				E88CA7602CAFD98D007132D9 /* MultiTabAppTests.xctest */,
				E88CA76A2CAFD98D007132D9 /* MultiTabAppUITests.xctest */,
			);
			name = Products;
			sourceTree = "<group>";
		};
/* End PBXGroup section */

/* Begin PBXNativeTarget section */
		E88CA74F2CAFD98C007132D9 /* MultiTabApp */ = {
			isa = PBXNativeTarget;
			buildConfigurationList = E88CA7742CAFD98D007132D9 /* Build configuration list for PBXNativeTarget "MultiTabApp" */;
			buildPhases = (
				E88CA74C2CAFD98C007132D9 /* Sources */,
				E88CA74D2CAFD98C007132D9 /* Frameworks */,
				E88CA74E2CAFD98C007132D9 /* Resources */,
			);
			buildRules = (
			);
			dependencies = (
			);
			fileSystemSynchronizedGroups = (
				E88CA7522CAFD98C007132D9 /* MultiTabApp */,
			);
			name = MultiTabApp;
			packageProductDependencies = (
			);
			productName = MultiTabApp;
			productReference = E88CA7502CAFD98C007132D9 /* MultiTabApp.app */;
			productType = "com.apple.product-type.application";
		};
		E88CA75F2CAFD98D007132D9 /* MultiTabAppTests */ = {
			isa = PBXNativeTarget;
			buildConfigurationList = E88CA7772CAFD98D007132D9 /* Build configuration list for PBXNativeTarget "MultiTabAppTests" */;
			buildPhases = (
				E88CA75C2CAFD98D007132D9 /* Sources */,
				E88CA75D2CAFD98D007132D9 /* Frameworks */,
				E88CA75E2CAFD98D007132D9 /* Resources */,
			);
			buildRules = (
			);
			dependencies = (
				E88CA7622CAFD98D007132D9 /* PBXTargetDependency */,
			);
			fileSystemSynchronizedGroups = (
				E88CA7632CAFD98D007132D9 /* MultiTabAppTests */,
			);
			name = MultiTabAppTests;
			packageProductDependencies = (
			);
			productName = MultiTabAppTests;
			productReference = E88CA7602CAFD98D007132D9 /* MultiTabAppTests.xctest */;
			productType = "com.apple.product-type.bundle.unit-test";
		};
		E88CA7692CAFD98D007132D9 /* MultiTabAppUITests */ = {
			isa = PBXNativeTarget;
			buildConfigurationList = E88CA77A2CAFD98D007132D9 /* Build configuration list for PBXNativeTarget "MultiTabAppUITests" */;
			buildPhases = (
				E88CA7662CAFD98D007132D9 /* Sources */,
				E88CA7672CAFD98D007132D9 /* Frameworks */,
				E88CA7682CAFD98D007132D9 /* Resources */,
			);
			buildRules = (
			);
			dependencies = (
				E88CA76C2CAFD98D007132D9 /* PBXTargetDependency */,
			);
			fileSystemSynchronizedGroups = (
				E88CA76D2CAFD98D007132D9 /* MultiTabAppUITests */,
			);
			name = MultiTabAppUITests;
			packageProductDependencies = (
			);
			productName = MultiTabAppUITests;
			productReference = E88CA76A2CAFD98D007132D9 /* MultiTabAppUITests.xctest */;
			productType = "com.apple.product-type.bundle.ui-testing";
		};
/* End PBXNativeTarget section */

/* Begin PBXProject section */
		E88CA7482CAFD98C007132D9 /* Project object */ = {
			isa = PBXProject;
			attributes = {
				BuildIndependentTargetsInParallel = 1;
				LastSwiftUpdateCheck = 1600;
				LastUpgradeCheck = 1600;
				TargetAttributes = {
					E88CA74F2CAFD98C007132D9 = {
						CreatedOnToolsVersion = 16.0;
					};
					E88CA75F2CAFD98D007132D9 = {
						CreatedOnToolsVersion = 16.0;
						TestTargetID = E88CA74F2CAFD98C007132D9;
					};
					E88CA7692CAFD98D007132D9 = {
						CreatedOnToolsVersion = 16.0;
						TestTargetID = E88CA74F2CAFD98C007132D9;
					};
				};
			};
			buildConfigurationList = E88CA74B2CAFD98C007132D9 /* Build configuration list for PBXProject "MultiTabApp" */;
			compatibilityVersion = "Xcode 14.0";
			developmentRegion = en;
			hasScannedForEncodings = 0;
			knownRegions = (
				en,
				Base,
			);
			mainGroup = E88CA7472CAFD98C007132D9;
			minimizedProjectReferenceProxies = 1;
			productRefGroup = E88CA7512CAFD98C007132D9 /* Products */;
			projectDirPath = "";
			projectRoot = "";
			targets = (
				E88CA74F2CAFD98C007132D9 /* MultiTabApp */,
				E88CA75F2CAFD98D007132D9 /* MultiTabAppTests */,
				E88CA7692CAFD98D007132D9 /* MultiTabAppUITests */,
			);
		};
/* End PBXProject section */

/* Begin PBXResourcesBuildPhase section */
		E88CA74E2CAFD98C007132D9 /* Resources */ = {
			isa = PBXResourcesBuildPhase;
			buildActionMask = 2147483647;
			files = (
			);
			runOnlyForDeploymentPostprocessing = 0;
		};
		E88CA75E2CAFD98D007132D9 /* Resources */ = {
			isa = PBXResourcesBuildPhase;
			buildActionMask = 2147483647;
			files = (
			);
			runOnlyForDeploymentPostprocessing = 0;
		};
		E88CA7682CAFD98D007132D9 /* Resources */ = {
			isa = PBXResourcesBuildPhase;
			buildActionMask = 2147483647;
			files = (
			);
			runOnlyForDeploymentPostprocessing = 0;
		};
/* End PBXResourcesBuildPhase section */

/* Begin PBXSourcesBuildPhase section */
		E88CA74C2CAFD98C007132D9 /* Sources */ = {
			isa = PBXSourcesBuildPhase;
			buildActionMask = 2147483647;
			files = (
			);
			runOnlyForDeploymentPostprocessing = 0;
		};
		E88CA75C2CAFD98D007132D9 /* Sources */ = {
			isa = PBXSourcesBuildPhase;
			buildActionMask = 2147483647;
			files = (
			);
			runOnlyForDeploymentPostprocessing = 0;
		};
		E88CA7662CAFD98D007132D9 /* Sources */ = {
			isa = PBXSourcesBuildPhase;
			buildActionMask = 2147483647;
			files = (
			);
			runOnlyForDeploymentPostprocessing = 0;
		};
/* End PBXSourcesBuildPhase section */

/* Begin PBXTargetDependency section */
		E88CA7622CAFD98D007132D9 /* PBXTargetDependency */ = {
			isa = PBXTargetDependency;
			target = E88CA74F2CAFD98C007132D9 /* MultiTabApp */;
			targetProxy = E88CA7612CAFD98D007132D9 /* PBXContainerItemProxy */;
		};
		E88CA76C2CAFD98D007132D9 /* PBXTargetDependency */ = {
			isa = PBXTargetDependency;
			target = E88CA74F2CAFD98C007132D9 /* MultiTabApp */;
			targetProxy = E88CA76B2CAFD98D007132D9 /* PBXContainerItemProxy */;
		};
/* End PBXTargetDependency section */

/* Begin XCBuildConfiguration section */
		E88CA7722CAFD98D007132D9 /* Debug */ = {
			isa = XCBuildConfiguration;
			buildSettings = {
				ALWAYS_SEARCH_USER_PATHS = NO;
				ASSETCATALOG_COMPILER_GENERATE_SWIFT_ASSET_SYMBOL_EXTENSIONS = YES;
				CLANG_ANALYZER_NONNULL = YES;
				CLANG_ANALYZER_NUMBER_OBJECT_CONVERSION = YES_AGGRESSIVE;
				CLANG_CXX_LANGUAGE_STANDARD = "gnu++20";
				CLANG_ENABLE_MODULES = YES;
				CLANG_ENABLE_OBJC_ARC = YES;
				CLANG_ENABLE_OBJC_WEAK = YES;
				CLANG_WARN_BLOCK_CAPTURE_AUTORELEASING = YES;
				CLANG_WARN_BOOL_CONVERSION = YES;
				CLANG_WARN_COMMA = YES;
				CLANG_WARN_CONSTANT_CONVERSION = YES;
				CLANG_WARN_DEPRECATED_OBJC_IMPLEMENTATIONS = YES;
				CLANG_WARN_DIRECT_OBJC_ISA_USAGE = YES_ERROR;
				CLANG_WARN_DOCUMENTATION_COMMENTS = YES;
				CLANG_WARN_EMPTY_BODY = YES;
				CLANG_WARN_ENUM_CONVERSION = YES;
				CLANG_WARN_INFINITE_RECURSION = YES;
				CLANG_WARN_INT_CONVERSION = YES;
				CLANG_WARN_NON_LITERAL_NULL_CONVERSION = YES;
				CLANG_WARN_OBJC_IMPLICIT_RETAIN_SELF = YES;
				CLANG_WARN_OBJC_LITERAL_CONVERSION = YES;
				CLANG_WARN_OBJC_ROOT_CLASS = YES_ERROR;
				CLANG_WARN_QUOTED_INCLUDE_IN_FRAMEWORK_HEADER = YES;
				CLANG_WARN_RANGE_LOOP_ANALYSIS = YES;
				CLANG_WARN_STRICT_PROTOTYPES = YES;
				CLANG_WARN_SUSPICIOUS_MOVE = YES;
				CLANG_WARN_UNGUARDED_AVAILABILITY = YES_AGGRESSIVE;
				CLANG_WARN_UNREACHABLE_CODE = YES;
				CLANG_WARN__DUPLICATE_METHOD_MATCH = YES;
				COPY_PHASE_STRIP = NO;
				DEBUG_INFORMATION_FORMAT = dwarf;
				ENABLE_STRICT_OBJC_MSGSEND = YES;
				ENABLE_TESTABILITY = YES;
				ENABLE_USER_SCRIPT_SANDBOXING = YES;
				GCC_C_LANGUAGE_STANDARD = gnu17;
				GCC_DYNAMIC_NO_PIC = NO;
				GCC_NO_COMMON_BLOCKS = YES;
				GCC_OPTIMIZATION_LEVEL = 0;
				GCC_PREPROCESSOR_DEFINITIONS = (
					"DEBUG=1",
					"$(inherited)",
				);
				GCC_WARN_64_TO_32_BIT_CONVERSION = YES;
				GCC_WARN_ABOUT_RETURN_TYPE = YES_ERROR;
				GCC_WARN_UNDECLARED_SELECTOR = YES;
				GCC_WARN_UNINITIALIZED_AUTOS = YES_AGGRESSIVE;
				GCC_WARN_UNUSED_FUNCTION = YES;
				GCC_WARN_UNUSED_VARIABLE = YES;
				IPHONEOS_DEPLOYMENT_TARGET = 18.0;
				LOCALIZATION_PREFERS_STRING_CATALOGS = YES;
				MTL_ENABLE_DEBUG_INFO = INCLUDE_SOURCE;
				MTL_FAST_MATH = YES;
				ONLY_ACTIVE_ARCH = YES;
				SDKROOT = iphoneos;
				SWIFT_ACTIVE_COMPILATION_CONDITIONS = "DEBUG $(inherited)";
				SWIFT_OPTIMIZATION_LEVEL = "-Onone";
			};
			name = Debug;
		};
		E88CA7732CAFD98D007132D9 /* Release */ = {
			isa = XCBuildConfiguration;
			buildSettings = {
				ALWAYS_SEARCH_USER_PATHS = NO;
				ASSETCATALOG_COMPILER_GENERATE_SWIFT_ASSET_SYMBOL_EXTENSIONS = YES;
				CLANG_ANALYZER_NONNULL = YES;
				CLANG_ANALYZER_NUMBER_OBJECT_CONVERSION = YES_AGGRESSIVE;
				CLANG_CXX_LANGUAGE_STANDARD = "gnu++20";
				CLANG_ENABLE_MODULES = YES;
				CLANG_ENABLE_OBJC_ARC = YES;
				CLANG_ENABLE_OBJC_WEAK = YES;
				CLANG_WARN_BLOCK_CAPTURE_AUTORELEASING = YES;
				CLANG_WARN_BOOL_CONVERSION = YES;
				CLANG_WARN_COMMA = YES;
				CLANG_WARN_CONSTANT_CONVERSION = YES;
				CLANG_WARN_DEPRECATED_OBJC_IMPLEMENTATIONS = YES;
				CLANG_WARN_DIRECT_OBJC_ISA_USAGE = YES_ERROR;
				CLANG_WARN_DOCUMENTATION_COMMENTS = YES;
				CLANG_WARN_EMPTY_BODY = YES;
				CLANG_WARN_ENUM_CONVERSION = YES;
				CLANG_WARN_INFINITE_RECURSION = YES;
				CLANG_WARN_INT_CONVERSION = YES;
				CLANG_WARN_NON_LITERAL_NULL_CONVERSION = YES;
				CLANG_WARN_OBJC_IMPLICIT_RETAIN_SELF = YES;
				CLANG_WARN_OBJC_LITERAL_CONVERSION = YES;
				CLANG_WARN_OBJC_ROOT_CLASS = YES_ERROR;
				CLANG_WARN_QUOTED_INCLUDE_IN_FRAMEWORK_HEADER = YES;
				CLANG_WARN_RANGE_LOOP_ANALYSIS = YES;
				CLANG_WARN_STRICT_PROTOTYPES = YES;
				CLANG_WARN_SUSPICIOUS_MOVE = YES;
				CLANG_WARN_UNGUARDED_AVAILABILITY = YES_AGGRESSIVE;
				CLANG_WARN_UNREACHABLE_CODE = YES;
				CLANG_WARN__DUPLICATE_METHOD_MATCH = YES;
				COPY_PHASE_STRIP = NO;
				DEBUG_INFORMATION_FORMAT = "dwarf-with-dsym";
				ENABLE_NS_ASSERTIONS = NO;
				ENABLE_STRICT_OBJC_MSGSEND = YES;
				ENABLE_USER_SCRIPT_SANDBOXING = YES;
				GCC_C_LANGUAGE_STANDARD = gnu17;
				GCC_NO_COMMON_BLOCKS = YES;
				GCC_WARN_64_TO_32_BIT_CONVERSION = YES;
				GCC_WARN_ABOUT_RETURN_TYPE = YES_ERROR;
				GCC_WARN_UNDECLARED_SELECTOR = YES;
				GCC_WARN_UNINITIALIZED_AUTOS = YES_AGGRESSIVE;
				GCC_WARN_UNUSED_FUNCTION = YES;
				GCC_WARN_UNUSED_VARIABLE = YES;
				IPHONEOS_DEPLOYMENT_TARGET = 18.0;
				LOCALIZATION_PREFERS_STRING_CATALOGS = YES;
				MTL_ENABLE_DEBUG_INFO = NO;
				MTL_FAST_MATH = YES;
				SDKROOT = iphoneos;
				SWIFT_COMPILATION_MODE = wholemodule;
				VALIDATE_PRODUCT = YES;
			};
			name = Release;
		};
		E88CA7752CAFD98D007132D9 /* Debug */ = {
			isa = XCBuildConfiguration;
			buildSettings = {
				ASSETCATALOG_COMPILER_APPICON_NAME = AppIcon;
				ASSETCATALOG_COMPILER_GLOBAL_ACCENT_COLOR_NAME = AccentColor;
				CODE_SIGN_STYLE = Automatic;
				CURRENT_PROJECT_VERSION = 1;
				DEVELOPMENT_ASSET_PATHS = "\"MultiTabApp/Preview Content\"";
				DEVELOPMENT_TEAM = YPXJAYK574;
				ENABLE_PREVIEWS = YES;
				GENERATE_INFOPLIST_FILE = YES;
				INFOPLIST_KEY_UIApplicationSceneManifest_Generation = YES;
				INFOPLIST_KEY_UIApplicationSupportsIndirectInputEvents = YES;
				INFOPLIST_KEY_UILaunchScreen_Generation = YES;
				INFOPLIST_KEY_UISupportedInterfaceOrientations_iPad = "UIInterfaceOrientationPortrait UIInterfaceOrientationPortraitUpsideDown UIInterfaceOrientationLandscapeLeft UIInterfaceOrientationLandscapeRight";
				INFOPLIST_KEY_UISupportedInterfaceOrientations_iPhone = "UIInterfaceOrientationPortrait UIInterfaceOrientationLandscapeLeft UIInterfaceOrientationLandscapeRight";
				LD_RUNPATH_SEARCH_PATHS = (
					"$(inherited)",
					"@executable_path/Frameworks",
				);
				MARKETING_VERSION = 1.0;
				PRODUCT_BUNDLE_IDENTIFIER = com.luisaugustos.MultiTabApp;
				PRODUCT_NAME = "$(TARGET_NAME)";
				SWIFT_EMIT_LOC_STRINGS = YES;
				SWIFT_VERSION = 5.0;
				TARGETED_DEVICE_FAMILY = "1,2";
			};
			name = Debug;
		};
		E88CA7762CAFD98D007132D9 /* Release */ = {
			isa = XCBuildConfiguration;
			buildSettings = {
				ASSETCATALOG_COMPILER_APPICON_NAME = AppIcon;
				ASSETCATALOG_COMPILER_GLOBAL_ACCENT_COLOR_NAME = AccentColor;
				CODE_SIGN_STYLE = Automatic;
				CURRENT_PROJECT_VERSION = 1;
				DEVELOPMENT_ASSET_PATHS = "\"MultiTabApp/Preview Content\"";
				DEVELOPMENT_TEAM = YPXJAYK574;
				ENABLE_PREVIEWS = YES;
				GENERATE_INFOPLIST_FILE = YES;
				INFOPLIST_KEY_UIApplicationSceneManifest_Generation = YES;
				INFOPLIST_KEY_UIApplicationSupportsIndirectInputEvents = YES;
				INFOPLIST_KEY_UILaunchScreen_Generation = YES;
				INFOPLIST_KEY_UISupportedInterfaceOrientations_iPad = "UIInterfaceOrientationPortrait UIInterfaceOrientationPortraitUpsideDown UIInterfaceOrientationLandscapeLeft UIInterfaceOrientationLandscapeRight";
				INFOPLIST_KEY_UISupportedInterfaceOrientations_iPhone = "UIInterfaceOrientationPortrait UIInterfaceOrientationLandscapeLeft UIInterfaceOrientationLandscapeRight";
				LD_RUNPATH_SEARCH_PATHS = (
					"$(inherited)",
					"@executable_path/Frameworks",
				);
				MARKETING_VERSION = 1.0;
				PRODUCT_BUNDLE_IDENTIFIER = com.luisaugustos.MultiTabApp;
				PRODUCT_NAME = "$(TARGET_NAME)";
				SWIFT_EMIT_LOC_STRINGS = YES;
				SWIFT_VERSION = 5.0;
				TARGETED_DEVICE_FAMILY = "1,2";
			};
			name = Release;
		};
		E88CA7782CAFD98D007132D9 /* Debug */ = {
			isa = XCBuildConfiguration;
			buildSettings = {
				BUNDLE_LOADER = "$(TEST_HOST)";
				CODE_SIGN_STYLE = Automatic;
				CURRENT_PROJECT_VERSION = 1;
				DEVELOPMENT_TEAM = YPXJAYK574;
				GENERATE_INFOPLIST_FILE = YES;
				IPHONEOS_DEPLOYMENT_TARGET = 18.0;
				MARKETING_VERSION = 1.0;
				PRODUCT_BUNDLE_IDENTIFIER = com.luisaugustos.MultiTabAppTests;
				PRODUCT_NAME = "$(TARGET_NAME)";
				SWIFT_EMIT_LOC_STRINGS = NO;
				SWIFT_VERSION = 5.0;
				TARGETED_DEVICE_FAMILY = "1,2";
				TEST_HOST = "$(BUILT_PRODUCTS_DIR)/MultiTabApp.app/$(BUNDLE_EXECUTABLE_FOLDER_PATH)/MultiTabApp";
			};
			name = Debug;
		};
		E88CA7792CAFD98D007132D9 /* Release */ = {
			isa = XCBuildConfiguration;
			buildSettings = {
				BUNDLE_LOADER = "$(TEST_HOST)";
				CODE_SIGN_STYLE = Automatic;
				CURRENT_PROJECT_VERSION = 1;
				DEVELOPMENT_TEAM = YPXJAYK574;
				GENERATE_INFOPLIST_FILE = YES;
				IPHONEOS_DEPLOYMENT_TARGET = 18.0;
				MARKETING_VERSION = 1.0;
				PRODUCT_BUNDLE_IDENTIFIER = com.luisaugustos.MultiTabAppTests;
				PRODUCT_NAME = "$(TARGET_NAME)";
				SWIFT_EMIT_LOC_STRINGS = NO;
				SWIFT_VERSION = 5.0;
				TARGETED_DEVICE_FAMILY = "1,2";
				TEST_HOST = "$(BUILT_PRODUCTS_DIR)/MultiTabApp.app/$(BUNDLE_EXECUTABLE_FOLDER_PATH)/MultiTabApp";
			};
			name = Release;
		};
		E88CA77B2CAFD98D007132D9 /* Debug */ = {
			isa = XCBuildConfiguration;
			buildSettings = {
				CODE_SIGN_STYLE = Automatic;
				CURRENT_PROJECT_VERSION = 1;
				DEVELOPMENT_TEAM = YPXJAYK574;
				GENERATE_INFOPLIST_FILE = YES;
				MARKETING_VERSION = 1.0;
				PRODUCT_BUNDLE_IDENTIFIER = com.luisaugustos.MultiTabAppUITests;
				PRODUCT_NAME = "$(TARGET_NAME)";
				SWIFT_EMIT_LOC_STRINGS = NO;
				SWIFT_VERSION = 5.0;
				TARGETED_DEVICE_FAMILY = "1,2";
				TEST_TARGET_NAME = MultiTabApp;
			};
			name = Debug;
		};
		E88CA77C2CAFD98D007132D9 /* Release */ = {
			isa = XCBuildConfiguration;
			buildSettings = {
				CODE_SIGN_STYLE = Automatic;
				CURRENT_PROJECT_VERSION = 1;
				DEVELOPMENT_TEAM = YPXJAYK574;
				GENERATE_INFOPLIST_FILE = YES;
				MARKETING_VERSION = 1.0;
				PRODUCT_BUNDLE_IDENTIFIER = com.luisaugustos.MultiTabAppUITests;
				PRODUCT_NAME = "$(TARGET_NAME)";
				SWIFT_EMIT_LOC_STRINGS = NO;
				SWIFT_VERSION = 5.0;
				TARGETED_DEVICE_FAMILY = "1,2";
				TEST_TARGET_NAME = MultiTabApp;
			};
			name = Release;
		};
/* End XCBuildConfiguration section */

/* Begin XCConfigurationList section */
		E88CA74B2CAFD98C007132D9 /* Build configuration list for PBXProject "MultiTabApp" */ = {
			isa = XCConfigurationList;
			buildConfigurations = (
				E88CA7722CAFD98D007132D9 /* Debug */,
				E88CA7732CAFD98D007132D9 /* Release */,
			);
			defaultConfigurationIsVisible = 0;
			defaultConfigurationName = Release;
		};
		E88CA7742CAFD98D007132D9 /* Build configuration list for PBXNativeTarget "MultiTabApp" */ = {
			isa = XCConfigurationList;
			buildConfigurations = (
				E88CA7752CAFD98D007132D9 /* Debug */,
				E88CA7762CAFD98D007132D9 /* Release */,
			);
			defaultConfigurationIsVisible = 0;
			defaultConfigurationName = Release;
		};
		E88CA7772CAFD98D007132D9 /* Build configuration list for PBXNativeTarget "MultiTabAppTests" */ = {
			isa = XCConfigurationList;
			buildConfigurations = (
				E88CA7782CAFD98D007132D9 /* Debug */,
				E88CA7792CAFD98D007132D9 /* Release */,
			);
			defaultConfigurationIsVisible = 0;
			defaultConfigurationName = Release;
		};
		E88CA77A2CAFD98D007132D9 /* Build configuration list for PBXNativeTarget "MultiTabAppUITests" */ = {
			isa = XCConfigurationList;
			buildConfigurations = (
				E88CA77B2CAFD98D007132D9 /* Debug */,
				E88CA77C2CAFD98D007132D9 /* Release */,
			);
			defaultConfigurationIsVisible = 0;
			defaultConfigurationName = Release;
		};
/* End XCConfigurationList section */
	};
	rootObject = E88CA7482CAFD98C007132D9 /* Project object */;
}
